// !$*UTF8*$!
{
	archiveVersion = 1;
	classes = {
	};
	objectVersion = 46;
	objects = {

/* Begin PBXBuildFile section */
		24DB4AF91A405E0D00B1FF7A /* AppDelegate.swift in Sources */ = {isa = PBXBuildFile; fileRef = 24DB4AF81A405E0D00B1FF7A /* AppDelegate.swift */; };
		24DB4AFC1A405E0D00B1FF7A /* YMobStatus.xcdatamodeld in Sources */ = {isa = PBXBuildFile; fileRef = 24DB4AFA1A405E0D00B1FF7A /* YMobStatus.xcdatamodeld */; };
		24DB4AFE1A405E0D00B1FF7A /* ViewController.swift in Sources */ = {isa = PBXBuildFile; fileRef = 24DB4AFD1A405E0D00B1FF7A /* ViewController.swift */; };
		24DB4B011A405E0D00B1FF7A /* Main.storyboard in Resources */ = {isa = PBXBuildFile; fileRef = 24DB4AFF1A405E0D00B1FF7A /* Main.storyboard */; };
		24DB4B031A405E0D00B1FF7A /* Images.xcassets in Resources */ = {isa = PBXBuildFile; fileRef = 24DB4B021A405E0D00B1FF7A /* Images.xcassets */; };
		24DB4B061A405E0D00B1FF7A /* LaunchScreen.xib in Resources */ = {isa = PBXBuildFile; fileRef = 24DB4B041A405E0D00B1FF7A /* LaunchScreen.xib */; };
		24DB4B121A405E0D00B1FF7A /* YMobStatusTests.swift in Sources */ = {isa = PBXBuildFile; fileRef = 24DB4B111A405E0D00B1FF7A /* YMobStatusTests.swift */; };
		5405FD9D87CFB4441A1FB445 /* libPods.a in Frameworks */ = {isa = PBXBuildFile; fileRef = D0F3BF53FE1E0C8B75B33918 /* libPods.a */; };
/* End PBXBuildFile section */

/* Begin PBXContainerItemProxy section */
		24DB4B0C1A405E0D00B1FF7A /* PBXContainerItemProxy */ = {
			isa = PBXContainerItemProxy;
			containerPortal = 24DB4AEB1A405E0D00B1FF7A /* Project object */;
			proxyType = 1;
			remoteGlobalIDString = 24DB4AF21A405E0D00B1FF7A;
			remoteInfo = YMobStatus;
		};
/* End PBXContainerItemProxy section */

/* Begin PBXFileReference section */
		24CDFCD51A4060C8002F452D /* YMobStatus-Bridging-Header.h */ = {isa = PBXFileReference; lastKnownFileType = sourcecode.c.h; path = "YMobStatus-Bridging-Header.h"; sourceTree = "<group>"; };
		24DB4AF31A405E0D00B1FF7A /* YMobStatus.app */ = {isa = PBXFileReference; explicitFileType = wrapper.application; includeInIndex = 0; path = YMobStatus.app; sourceTree = BUILT_PRODUCTS_DIR; };
		24DB4AF71A405E0D00B1FF7A /* Info.plist */ = {isa = PBXFileReference; lastKnownFileType = text.plist.xml; path = Info.plist; sourceTree = "<group>"; };
		24DB4AF81A405E0D00B1FF7A /* AppDelegate.swift */ = {isa = PBXFileReference; lastKnownFileType = sourcecode.swift; path = AppDelegate.swift; sourceTree = "<group>"; };
		24DB4AFB1A405E0D00B1FF7A /* YMobStatus.xcdatamodel */ = {isa = PBXFileReference; lastKnownFileType = wrapper.xcdatamodel; path = YMobStatus.xcdatamodel; sourceTree = "<group>"; };
		24DB4AFD1A405E0D00B1FF7A /* ViewController.swift */ = {isa = PBXFileReference; lastKnownFileType = sourcecode.swift; path = ViewController.swift; sourceTree = "<group>"; };
		24DB4B001A405E0D00B1FF7A /* Base */ = {isa = PBXFileReference; lastKnownFileType = file.storyboard; name = Base; path = Base.lproj/Main.storyboard; sourceTree = "<group>"; };
		24DB4B021A405E0D00B1FF7A /* Images.xcassets */ = {isa = PBXFileReference; lastKnownFileType = folder.assetcatalog; path = Images.xcassets; sourceTree = "<group>"; };
		24DB4B051A405E0D00B1FF7A /* Base */ = {isa = PBXFileReference; lastKnownFileType = file.xib; name = Base; path = Base.lproj/LaunchScreen.xib; sourceTree = "<group>"; };
		24DB4B0B1A405E0D00B1FF7A /* YMobStatusTests.xctest */ = {isa = PBXFileReference; explicitFileType = wrapper.cfbundle; includeInIndex = 0; path = YMobStatusTests.xctest; sourceTree = BUILT_PRODUCTS_DIR; };
		24DB4B101A405E0D00B1FF7A /* Info.plist */ = {isa = PBXFileReference; lastKnownFileType = text.plist.xml; path = Info.plist; sourceTree = "<group>"; };
		24DB4B111A405E0D00B1FF7A /* YMobStatusTests.swift */ = {isa = PBXFileReference; lastKnownFileType = sourcecode.swift; path = YMobStatusTests.swift; sourceTree = "<group>"; };
		3E3266D159E97E8EF80F6729 /* Pods.debug.xcconfig */ = {isa = PBXFileReference; includeInIndex = 1; lastKnownFileType = text.xcconfig; name = Pods.debug.xcconfig; path = "Pods/Target Support Files/Pods/Pods.debug.xcconfig"; sourceTree = "<group>"; };
		BAAE4B5E1C76666CD51F2907 /* Pods.release.xcconfig */ = {isa = PBXFileReference; includeInIndex = 1; lastKnownFileType = text.xcconfig; name = Pods.release.xcconfig; path = "Pods/Target Support Files/Pods/Pods.release.xcconfig"; sourceTree = "<group>"; };
		D0F3BF53FE1E0C8B75B33918 /* libPods.a */ = {isa = PBXFileReference; explicitFileType = archive.ar; includeInIndex = 0; path = libPods.a; sourceTree = BUILT_PRODUCTS_DIR; };
/* End PBXFileReference section */

/* Begin PBXFrameworksBuildPhase section */
		24DB4AF01A405E0D00B1FF7A /* Frameworks */ = {
			isa = PBXFrameworksBuildPhase;
			buildActionMask = 2147483647;
			files = (
				5405FD9D87CFB4441A1FB445 /* libPods.a in Frameworks */,
			);
			runOnlyForDeploymentPostprocessing = 0;
		};
		24DB4B081A405E0D00B1FF7A /* Frameworks */ = {
			isa = PBXFrameworksBuildPhase;
			buildActionMask = 2147483647;
			files = (
			);
			runOnlyForDeploymentPostprocessing = 0;
		};
/* End PBXFrameworksBuildPhase section */

/* Begin PBXGroup section */
		148818050BC7FE6D51EC2E75 /* Pods */ = {
			isa = PBXGroup;
			children = (
				3E3266D159E97E8EF80F6729 /* Pods.debug.xcconfig */,
				BAAE4B5E1C76666CD51F2907 /* Pods.release.xcconfig */,
			);
			name = Pods;
			sourceTree = "<group>";
		};
		24DB4AEA1A405E0D00B1FF7A = {
			isa = PBXGroup;
			children = (
				24DB4AF51A405E0D00B1FF7A /* YMobStatus */,
				24DB4B0E1A405E0D00B1FF7A /* YMobStatusTests */,
				24DB4AF41A405E0D00B1FF7A /* Products */,
				148818050BC7FE6D51EC2E75 /* Pods */,
				E04ED969AE1C3ECE012C3A00 /* Frameworks */,
			);
			sourceTree = "<group>";
		};
		24DB4AF41A405E0D00B1FF7A /* Products */ = {
			isa = PBXGroup;
			children = (
				24DB4AF31A405E0D00B1FF7A /* YMobStatus.app */,
				24DB4B0B1A405E0D00B1FF7A /* YMobStatusTests.xctest */,
			);
			name = Products;
			sourceTree = "<group>";
		};
		24DB4AF51A405E0D00B1FF7A /* YMobStatus */ = {
			isa = PBXGroup;
			children = (
				24DB4AF81A405E0D00B1FF7A /* AppDelegate.swift */,
				24DB4AFD1A405E0D00B1FF7A /* ViewController.swift */,
				24DB4AFF1A405E0D00B1FF7A /* Main.storyboard */,
				24DB4B021A405E0D00B1FF7A /* Images.xcassets */,
				24DB4B041A405E0D00B1FF7A /* LaunchScreen.xib */,
				24DB4AFA1A405E0D00B1FF7A /* YMobStatus.xcdatamodeld */,
				24DB4AF61A405E0D00B1FF7A /* Supporting Files */,
				24CDFCD51A4060C8002F452D /* YMobStatus-Bridging-Header.h */,
			);
			path = YMobStatus;
			sourceTree = "<group>";
		};
		24DB4AF61A405E0D00B1FF7A /* Supporting Files */ = {
			isa = PBXGroup;
			children = (
				24DB4AF71A405E0D00B1FF7A /* Info.plist */,
			);
			name = "Supporting Files";
			sourceTree = "<group>";
		};
		24DB4B0E1A405E0D00B1FF7A /* YMobStatusTests */ = {
			isa = PBXGroup;
			children = (
				24DB4B111A405E0D00B1FF7A /* YMobStatusTests.swift */,
				24DB4B0F1A405E0D00B1FF7A /* Supporting Files */,
			);
			path = YMobStatusTests;
			sourceTree = "<group>";
		};
		24DB4B0F1A405E0D00B1FF7A /* Supporting Files */ = {
			isa = PBXGroup;
			children = (
				24DB4B101A405E0D00B1FF7A /* Info.plist */,
			);
			name = "Supporting Files";
			sourceTree = "<group>";
		};
		E04ED969AE1C3ECE012C3A00 /* Frameworks */ = {
			isa = PBXGroup;
			children = (
				D0F3BF53FE1E0C8B75B33918 /* libPods.a */,
			);
			name = Frameworks;
			sourceTree = "<group>";
		};
/* End PBXGroup section */

/* Begin PBXNativeTarget section */
		24DB4AF21A405E0D00B1FF7A /* YMobStatus */ = {
			isa = PBXNativeTarget;
			buildConfigurationList = 24DB4B151A405E0D00B1FF7A /* Build configuration list for PBXNativeTarget "YMobStatus" */;
			buildPhases = (
				CD1ACE9DD6985E51454507BE /* Check Pods Manifest.lock */,
				24DB4AEF1A405E0D00B1FF7A /* Sources */,
				24DB4AF01A405E0D00B1FF7A /* Frameworks */,
				24DB4AF11A405E0D00B1FF7A /* Resources */,
				4158A555CA0BB1069FEE5E98 /* Copy Pods Resources */,
			);
			buildRules = (
			);
			dependencies = (
			);
			name = YMobStatus;
			productName = YMobStatus;
			productReference = 24DB4AF31A405E0D00B1FF7A /* YMobStatus.app */;
			productType = "com.apple.product-type.application";
		};
		24DB4B0A1A405E0D00B1FF7A /* YMobStatusTests */ = {
			isa = PBXNativeTarget;
			buildConfigurationList = 24DB4B181A405E0D00B1FF7A /* Build configuration list for PBXNativeTarget "YMobStatusTests" */;
			buildPhases = (
				24DB4B071A405E0D00B1FF7A /* Sources */,
				24DB4B081A405E0D00B1FF7A /* Frameworks */,
				24DB4B091A405E0D00B1FF7A /* Resources */,
			);
			buildRules = (
			);
			dependencies = (
				24DB4B0D1A405E0D00B1FF7A /* PBXTargetDependency */,
			);
			name = YMobStatusTests;
			productName = YMobStatusTests;
			productReference = 24DB4B0B1A405E0D00B1FF7A /* YMobStatusTests.xctest */;
			productType = "com.apple.product-type.bundle.unit-test";
		};
/* End PBXNativeTarget section */

/* Begin PBXProject section */
		24DB4AEB1A405E0D00B1FF7A /* Project object */ = {
			isa = PBXProject;
			attributes = {
				LastUpgradeCheck = 0610;
				ORGANIZATIONNAME = numanuma08;
				TargetAttributes = {
					24DB4AF21A405E0D00B1FF7A = {
						CreatedOnToolsVersion = 6.1.1;
					};
					24DB4B0A1A405E0D00B1FF7A = {
						CreatedOnToolsVersion = 6.1.1;
						TestTargetID = 24DB4AF21A405E0D00B1FF7A;
					};
				};
			};
			buildConfigurationList = 24DB4AEE1A405E0D00B1FF7A /* Build configuration list for PBXProject "YMobStatus" */;
			compatibilityVersion = "Xcode 3.2";
			developmentRegion = English;
			hasScannedForEncodings = 0;
			knownRegions = (
				en,
				Base,
			);
			mainGroup = 24DB4AEA1A405E0D00B1FF7A;
			productRefGroup = 24DB4AF41A405E0D00B1FF7A /* Products */;
			projectDirPath = "";
			projectRoot = "";
			targets = (
				24DB4AF21A405E0D00B1FF7A /* YMobStatus */,
				24DB4B0A1A405E0D00B1FF7A /* YMobStatusTests */,
			);
		};
/* End PBXProject section */

/* Begin PBXResourcesBuildPhase section */
		24DB4AF11A405E0D00B1FF7A /* Resources */ = {
			isa = PBXResourcesBuildPhase;
			buildActionMask = 2147483647;
			files = (
				24DB4B011A405E0D00B1FF7A /* Main.storyboard in Resources */,
				24DB4B061A405E0D00B1FF7A /* LaunchScreen.xib in Resources */,
				24DB4B031A405E0D00B1FF7A /* Images.xcassets in Resources */,
			);
			runOnlyForDeploymentPostprocessing = 0;
		};
		24DB4B091A405E0D00B1FF7A /* Resources */ = {
			isa = PBXResourcesBuildPhase;
			buildActionMask = 2147483647;
			files = (
			);
			runOnlyForDeploymentPostprocessing = 0;
		};
/* End PBXResourcesBuildPhase section */

/* Begin PBXShellScriptBuildPhase section */
		4158A555CA0BB1069FEE5E98 /* Copy Pods Resources */ = {
			isa = PBXShellScriptBuildPhase;
			buildActionMask = 2147483647;
			files = (
			);
			inputPaths = (
			);
			name = "Copy Pods Resources";
			outputPaths = (
			);
			runOnlyForDeploymentPostprocessing = 0;
			shellPath = /bin/sh;
			shellScript = "\"${SRCROOT}/Pods/Target Support Files/Pods/Pods-resources.sh\"\n";
			showEnvVarsInLog = 0;
		};
		CD1ACE9DD6985E51454507BE /* Check Pods Manifest.lock */ = {
			isa = PBXShellScriptBuildPhase;
			buildActionMask = 2147483647;
			files = (
			);
			inputPaths = (
			);
			name = "Check Pods Manifest.lock";
			outputPaths = (
			);
			runOnlyForDeploymentPostprocessing = 0;
			shellPath = /bin/sh;
			shellScript = "diff \"${PODS_ROOT}/../Podfile.lock\" \"${PODS_ROOT}/Manifest.lock\" > /dev/null\nif [[ $? != 0 ]] ; then\n    cat << EOM\nerror: The sandbox is not in sync with the Podfile.lock. Run 'pod install' or update your CocoaPods installation.\nEOM\n    exit 1\nfi\n";
			showEnvVarsInLog = 0;
		};
/* End PBXShellScriptBuildPhase section */

/* Begin PBXSourcesBuildPhase section */
		24DB4AEF1A405E0D00B1FF7A /* Sources */ = {
			isa = PBXSourcesBuildPhase;
			buildActionMask = 2147483647;
			files = (
				24DB4AFE1A405E0D00B1FF7A /* ViewController.swift in Sources */,
				24DB4AFC1A405E0D00B1FF7A /* YMobStatus.xcdatamodeld in Sources */,
				24DB4AF91A405E0D00B1FF7A /* AppDelegate.swift in Sources */,
			);
			runOnlyForDeploymentPostprocessing = 0;
		};
		24DB4B071A405E0D00B1FF7A /* Sources */ = {
			isa = PBXSourcesBuildPhase;
			buildActionMask = 2147483647;
			files = (
				24DB4B121A405E0D00B1FF7A /* YMobStatusTests.swift in Sources */,
			);
			runOnlyForDeploymentPostprocessing = 0;
		};
/* End PBXSourcesBuildPhase section */

/* Begin PBXTargetDependency section */
		24DB4B0D1A405E0D00B1FF7A /* PBXTargetDependency */ = {
			isa = PBXTargetDependency;
			target = 24DB4AF21A405E0D00B1FF7A /* YMobStatus */;
			targetProxy = 24DB4B0C1A405E0D00B1FF7A /* PBXContainerItemProxy */;
		};
/* End PBXTargetDependency section */

/* Begin PBXVariantGroup section */
		24DB4AFF1A405E0D00B1FF7A /* Main.storyboard */ = {
			isa = PBXVariantGroup;
			children = (
				24DB4B001A405E0D00B1FF7A /* Base */,
			);
			name = Main.storyboard;
			sourceTree = "<group>";
		};
		24DB4B041A405E0D00B1FF7A /* LaunchScreen.xib */ = {
			isa = PBXVariantGroup;
			children = (
				24DB4B051A405E0D00B1FF7A /* Base */,
			);
			name = LaunchScreen.xib;
			sourceTree = "<group>";
		};
/* End PBXVariantGroup section */

/* Begin XCBuildConfiguration section */
		24DB4B131A405E0D00B1FF7A /* Debug */ = {
			isa = XCBuildConfiguration;
			buildSettings = {
				ALWAYS_SEARCH_USER_PATHS = NO;
				CLANG_CXX_LANGUAGE_STANDARD = "gnu++0x";
				CLANG_CXX_LIBRARY = "libc++";
				CLANG_ENABLE_MODULES = YES;
				CLANG_ENABLE_OBJC_ARC = YES;
				CLANG_WARN_BOOL_CONVERSION = YES;
				CLANG_WARN_CONSTANT_CONVERSION = YES;
				CLANG_WARN_DIRECT_OBJC_ISA_USAGE = YES_ERROR;
				CLANG_WARN_EMPTY_BODY = YES;
				CLANG_WARN_ENUM_CONVERSION = YES;
				CLANG_WARN_INT_CONVERSION = YES;
				CLANG_WARN_OBJC_ROOT_CLASS = YES_ERROR;
				CLANG_WARN_UNREACHABLE_CODE = YES;
				CLANG_WARN__DUPLICATE_METHOD_MATCH = YES;
				"CODE_SIGN_IDENTITY[sdk=iphoneos*]" = "iPhone Developer";
				COPY_PHASE_STRIP = NO;
				ENABLE_STRICT_OBJC_MSGSEND = YES;
				GCC_C_LANGUAGE_STANDARD = gnu99;
				GCC_DYNAMIC_NO_PIC = NO;
				GCC_OPTIMIZATION_LEVEL = 0;
				GCC_PREPROCESSOR_DEFINITIONS = (
					"DEBUG=1",
					"$(inherited)",
				);
				GCC_SYMBOLS_PRIVATE_EXTERN = NO;
				GCC_WARN_64_TO_32_BIT_CONVERSION = YES;
				GCC_WARN_ABOUT_RETURN_TYPE = YES_ERROR;
				GCC_WARN_UNDECLARED_SELECTOR = YES;
				GCC_WARN_UNINITIALIZED_AUTOS = YES_AGGRESSIVE;
				GCC_WARN_UNUSED_FUNCTION = YES;
				GCC_WARN_UNUSED_VARIABLE = YES;
				IPHONEOS_DEPLOYMENT_TARGET = 8.1;
				MTL_ENABLE_DEBUG_INFO = YES;
				ONLY_ACTIVE_ARCH = YES;
				SDKROOT = iphoneos;
				SWIFT_OPTIMIZATION_LEVEL = "-Onone";
			};
			name = Debug;
		};
		24DB4B141A405E0D00B1FF7A /* Release */ = {
			isa = XCBuildConfiguration;
			buildSettings = {
				ALWAYS_SEARCH_USER_PATHS = NO;
				CLANG_CXX_LANGUAGE_STANDARD = "gnu++0x";
				CLANG_CXX_LIBRARY = "libc++";
				CLANG_ENABLE_MODULES = YES;
				CLANG_ENABLE_OBJC_ARC = YES;
				CLANG_WARN_BOOL_CONVERSION = YES;
				CLANG_WARN_CONSTANT_CONVERSION = YES;
				CLANG_WARN_DIRECT_OBJC_ISA_USAGE = YES_ERROR;
				CLANG_WARN_EMPTY_BODY = YES;
				CLANG_WARN_ENUM_CONVERSION = YES;
				CLANG_WARN_INT_CONVERSION = YES;
				CLANG_WARN_OBJC_ROOT_CLASS = YES_ERROR;
				CLANG_WARN_UNREACHABLE_CODE = YES;
				CLANG_WARN__DUPLICATE_METHOD_MATCH = YES;
				"CODE_SIGN_IDENTITY[sdk=iphoneos*]" = "iPhone Developer";
				COPY_PHASE_STRIP = YES;
				ENABLE_NS_ASSERTIONS = NO;
				ENABLE_STRICT_OBJC_MSGSEND = YES;
				GCC_C_LANGUAGE_STANDARD = gnu99;
				GCC_WARN_64_TO_32_BIT_CONVERSION = YES;
				GCC_WARN_ABOUT_RETURN_TYPE = YES_ERROR;
				GCC_WARN_UNDECLARED_SELECTOR = YES;
				GCC_WARN_UNINITIALIZED_AUTOS = YES_AGGRESSIVE;
				GCC_WARN_UNUSED_FUNCTION = YES;
				GCC_WARN_UNUSED_VARIABLE = YES;
				IPHONEOS_DEPLOYMENT_TARGET = 8.1;
				MTL_ENABLE_DEBUG_INFO = NO;
				SDKROOT = iphoneos;
				VALIDATE_PRODUCT = YES;
			};
			name = Release;
		};
		24DB4B161A405E0D00B1FF7A /* Debug */ = {
			isa = XCBuildConfiguration;
			baseConfigurationReference = 3E3266D159E97E8EF80F6729 /* Pods.debug.xcconfig */;
			buildSettings = {
				ASSETCATALOG_COMPILER_APPICON_NAME = AppIcon;
				CLANG_ENABLE_MODULES = YES;
				INFOPLIST_FILE = YMobStatus/Info.plist;
				IPHONEOS_DEPLOYMENT_TARGET = 7.0;
				LD_RUNPATH_SEARCH_PATHS = "$(inherited) @executable_path/Frameworks";
				PRODUCT_NAME = "$(TARGET_NAME)";
				SWIFT_OBJC_BRIDGING_HEADER = "YMobStatus/YMobStatus-Bridging-Header.h";
				SWIFT_OPTIMIZATION_LEVEL = "-Onone";
			};
			name = Debug;
		};
		24DB4B171A405E0D00B1FF7A /* Release */ = {
			isa = XCBuildConfiguration;
			baseConfigurationReference = BAAE4B5E1C76666CD51F2907 /* Pods.release.xcconfig */;
			buildSettings = {
				ASSETCATALOG_COMPILER_APPICON_NAME = AppIcon;
				CLANG_ENABLE_MODULES = YES;
				INFOPLIST_FILE = YMobStatus/Info.plist;
				IPHONEOS_DEPLOYMENT_TARGET = 7.0;
				LD_RUNPATH_SEARCH_PATHS = "$(inherited) @executable_path/Frameworks";
				PRODUCT_NAME = "$(TARGET_NAME)";
				SWIFT_OBJC_BRIDGING_HEADER = "YMobStatus/YMobStatus-Bridging-Header.h";
			};
			name = Release;
		};
		24DB4B191A405E0D00B1FF7A /* Debug */ = {
			isa = XCBuildConfiguration;
			buildSettings = {
				BUNDLE_LOADER = "$(TEST_HOST)";
				FRAMEWORK_SEARCH_PATHS = (
					"$(SDKROOT)/Developer/Library/Frameworks",
					"$(inherited)",
				);
				GCC_PREPROCESSOR_DEFINITIONS = (
					"DEBUG=1",
					"$(inherited)",
				);
				INFOPLIST_FILE = YMobStatusTests/Info.plist;
				LD_RUNPATH_SEARCH_PATHS = "$(inherited) @executable_path/Frameworks @loader_path/Frameworks";
				PRODUCT_NAME = "$(TARGET_NAME)";
				TEST_HOST = "$(BUILT_PRODUCTS_DIR)/YMobStatus.app/YMobStatus";
			};
			name = Debug;
		};
		24DB4B1A1A405E0D00B1FF7A /* Release */ = {
			isa = XCBuildConfiguration;
			buildSettings = {
				BUNDLE_LOADER = "$(TEST_HOST)";
				FRAMEWORK_SEARCH_PATHS = (
					"$(SDKROOT)/Developer/Library/Frameworks",
					"$(inherited)",
				);
				INFOPLIST_FILE = YMobStatusTests/Info.plist;
				LD_RUNPATH_SEARCH_PATHS = "$(inherited) @executable_path/Frameworks @loader_path/Frameworks";
				PRODUCT_NAME = "$(TARGET_NAME)";
				TEST_HOST = "$(BUILT_PRODUCTS_DIR)/YMobStatus.app/YMobStatus";
			};
			name = Release;
		};
/* End XCBuildConfiguration section */

/* Begin XCConfigurationList section */
		24DB4AEE1A405E0D00B1FF7A /* Build configuration list for PBXProject "YMobStatus" */ = {
			isa = XCConfigurationList;
			buildConfigurations = (
				24DB4B131A405E0D00B1FF7A /* Debug */,
				24DB4B141A405E0D00B1FF7A /* Release */,
			);
			defaultConfigurationIsVisible = 0;
			defaultConfigurationName = Release;
		};
		24DB4B151A405E0D00B1FF7A /* Build configuration list for PBXNativeTarget "YMobStatus" */ = {
			isa = XCConfigurationList;
			buildConfigurations = (
				24DB4B161A405E0D00B1FF7A /* Debug */,
				24DB4B171A405E0D00B1FF7A /* Release */,
			);
			defaultConfigurationIsVisible = 0;
			defaultConfigurationName = Release;
		};
		24DB4B181A405E0D00B1FF7A /* Build configuration list for PBXNativeTarget "YMobStatusTests" */ = {
			isa = XCConfigurationList;
			buildConfigurations = (
				24DB4B191A405E0D00B1FF7A /* Debug */,
				24DB4B1A1A405E0D00B1FF7A /* Release */,
			);
			defaultConfigurationIsVisible = 0;
			defaultConfigurationName = Release;
		};
/* End XCConfigurationList section */

/* Begin XCVersionGroup section */
		24DB4AFA1A405E0D00B1FF7A /* YMobStatus.xcdatamodeld */ = {
			isa = XCVersionGroup;
			children = (
				24DB4AFB1A405E0D00B1FF7A /* YMobStatus.xcdatamodel */,
			);
			currentVersion = 24DB4AFB1A405E0D00B1FF7A /* YMobStatus.xcdatamodel */;
			path = YMobStatus.xcdatamodeld;
			sourceTree = "<group>";
			versionGroupType = wrapper.xcdatamodel;
		};
/* End XCVersionGroup section */
	};
	rootObject = 24DB4AEB1A405E0D00B1FF7A /* Project object */;
}
